
Microsoft Visual Studio Solution File, Format Version 12.00
# Visual Studio 14
VisualStudioVersion = 14.0.25420.1
MinimumVisualStudioVersion = 10.0.40219.1
Project("{FAE04EC0-301F-11D3-BF4B-00C04F79EFBC}") = "PanicButtonSerial", "PanicButtonSerial\PanicButtonSerial.csproj", "{3A6362BA-C8EF-4109-9E03-0A01FC488B47}"
EndProject
Project("{54435603-DBB4-11D2-8724-00A0C9A8B90C}") = "PanicButtonSetup", "PanicButtonSetup\PanicButtonSetup.vdproj", "{AF95234D-0C69-42BD-814D-714DC08E686A}"
EndProject
Global
	GlobalSection(SolutionConfigurationPlatforms) = preSolution
		Debug|Any CPU = Debug|Any CPU
		Release|Any CPU = Release|Any CPU
	EndGlobalSection
	GlobalSection(ProjectConfigurationPlatforms) = postSolution
		{3A6362BA-C8EF-4109-9E03-0A01FC488B47}.Debug|Any CPU.ActiveCfg = Debug|Any CPU
		{3A6362BA-C8EF-4109-9E03-0A01FC488B47}.Debug|Any CPU.Build.0 = Debug|Any CPU
		{3A6362BA-C8EF-4109-9E03-0A01FC488B47}.Release|Any CPU.ActiveCfg = Release|Any CPU
		{3A6362BA-C8EF-4109-9E03-0A01FC488B47}.Release|Any CPU.Build.0 = Release|Any CPU
		{AF95234D-0C69-42BD-814D-714DC08E686A}.Debug|Any CPU.ActiveCfg = Debug
		{AF95234D-0C69-42BD-814D-714DC08E686A}.Release|Any CPU.ActiveCfg = Release
	EndGlobalSection
	GlobalSection(SolutionProperties) = preSolution
		HideSolutionNode = FALSE
	EndGlobalSection
EndGlobal
